# THIS IS AN AUTOGENERATED FILE. DO NOT EDIT THIS FILE DIRECTLY.
# yarn lockfile v1


interval-notation@^1.0.0, interval-notation@^1.0.1:
  version "1.0.1"
  resolved "https://registry.yarnpkg.com/interval-notation/-/interval-notation-1.0.1.tgz#604cccbb326841c103b25d1d58189f54bafbecdd"

note-parser@^2.0.1:
  version "2.0.1"
  resolved "https://registry.yarnpkg.com/note-parser/-/note-parser-2.0.1.tgz#2438fd57a46894b402b3a2071798660129c8fbc1"

tonal-array@^0.69.6:
  version "0.69.6"
  resolved "https://registry.yarnpkg.com/tonal-array/-/tonal-array-0.69.6.tgz#53c566160438b206f2bfc8afe40034aa9cf58966"
  dependencies:
    tonal-distance "^0.69.6"
    tonal-pitch "^0.69.6"
    tonal-transpose "^0.69.6"

tonal-chord@^0.69.6:
  version "0.69.6"
  resolved "https://registry.yarnpkg.com/tonal-chord/-/tonal-chord-0.69.6.tgz#e931f5656003a15028189b19e3c7418352a73adc"
  dependencies:
    note-parser "^2.0.1"
    tonal-array "^0.69.6"
    tonal-dictionary "^0.69.6"
    tonal-harmonizer "^0.69.6"
    tonal-note "^0.69.6"

tonal-dictionary@^0.69.6:
  version "0.69.6"
  resolved "https://registry.yarnpkg.com/tonal-dictionary/-/tonal-dictionary-0.69.6.tgz#5c3ff37aa21aed09a16515e764b5661fbc3f148b"
  dependencies:
    tonal-array "^0.69.6"
    tonal-note "^0.69.6"
    tonal-pcset "^0.69.6"

tonal-distance@^0.69.6:
  version "0.69.6"
  resolved "https://registry.yarnpkg.com/tonal-distance/-/tonal-distance-0.69.6.tgz#263f4da13237472b71f5fd664148a9078b2d2adf"
  dependencies:
    tonal-pitch "^0.69.6"

tonal-encoding@^0.69.6:
  version "0.69.6"
  resolved "https://registry.yarnpkg.com/tonal-encoding/-/tonal-encoding-0.69.6.tgz#09cc678b8decba2345e6629a5d85fa2d48c25bd4"

tonal-filter@^0.69.6:
  version "0.69.6"
  resolved "https://registry.yarnpkg.com/tonal-filter/-/tonal-filter-0.69.6.tgz#49c495fdcaa04a9b4d731d3b00ba3e085da0cd22"

tonal-freq@^0.69.6:
  version "0.69.6"
  resolved "https://registry.yarnpkg.com/tonal-freq/-/tonal-freq-0.69.6.tgz#74e1e3d149cf6a58c0ac8f2ab61a29a416b36984"
  dependencies:
    tonal-midi "^0.69.6"

tonal-harmonizer@^0.69.6:
  version "0.69.6"
  resolved "https://registry.yarnpkg.com/tonal-harmonizer/-/tonal-harmonizer-0.69.6.tgz#2c16ea6f5586df2321d27d4e4a1977a4e5d2d976"
  dependencies:
    tonal-array "^0.69.6"
    tonal-distance "^0.69.6"
    tonal-transpose "^0.69.6"

tonal-interval@^0.69.6:
  version "0.69.6"
  resolved "https://registry.yarnpkg.com/tonal-interval/-/tonal-interval-0.69.6.tgz#83b31602db48fa0cee0926753827f1ad214037f8"
  dependencies:
    interval-notation "^1.0.0"
    tonal-pitch "^0.69.6"

tonal-key@^0.69.6:
  version "0.69.6"
  resolved "https://registry.yarnpkg.com/tonal-key/-/tonal-key-0.69.6.tgz#63ca4df770069be3f3f8e37bb6cbcc53b6e2692e"
  dependencies:
    tonal-array "^0.69.6"
    tonal-harmonizer "^0.69.6"
    tonal-notation "^0.69.6"
    tonal-note "^0.69.6"
    tonal-range "^0.69.6"
    tonal-transpose "^0.69.6"

tonal-midi@^0.69.6:
  version "0.69.6"
  resolved "https://registry.yarnpkg.com/tonal-midi/-/tonal-midi-0.69.6.tgz#5dc4a684fe3e113f3d45a97d50976fa179f97300"
  dependencies:
    note-parser "^2.0.1"

tonal-notation@^0.69.6:
  version "0.69.6"
  resolved "https://registry.yarnpkg.com/tonal-notation/-/tonal-notation-0.69.6.tgz#2ee99ff8c82d1bc5d0923ed538b13b055e801edb"

tonal-note@^0.69.6:
  version "0.69.6"
  resolved "https://registry.yarnpkg.com/tonal-note/-/tonal-note-0.69.6.tgz#7e448a38c4f6511a293fe376abcf49ed40d726af"
  dependencies:
    note-parser "^2.0.1"
    tonal-freq "^0.69.6"
    tonal-midi "^0.69.6"
    tonal-pitch "^0.69.6"
    tonal-transpose "^0.69.6"

tonal-pcset@^0.69.6:
  version "0.69.6"
  resolved "https://registry.yarnpkg.com/tonal-pcset/-/tonal-pcset-0.69.6.tgz#da22a6a4e09c68c6dbf6805dcb083b0f91d0ea6d"
  dependencies:
    tonal-array "^0.69.6"
    tonal-note "^0.69.6"
    tonal-pitch "^0.69.6"
    tonal-transpose "^0.69.6"

tonal-pitch@^0.69.6:
  version "0.69.6"
  resolved "https://registry.yarnpkg.com/tonal-pitch/-/tonal-pitch-0.69.6.tgz#64bc16e577bb598f15f1e505056e979824c85c9b"
  dependencies:
    interval-notation "^1.0.1"
    note-parser "^2.0.1"
    tonal-encoding "^0.69.6"

tonal-progression@^0.69.6:
  version "0.69.6"
  resolved "https://registry.yarnpkg.com/tonal-progression/-/tonal-progression-0.69.6.tgz#8263ce0ab0644b1454d8ce257bbc583b69bca9fb"
  dependencies:
    tonal-array "^0.69.6"
    tonal-chord "^0.69.6"
    tonal-distance "^0.69.6"
    tonal-interval "^0.69.6"
    tonal-notation "^0.69.6"
    tonal-note "^0.69.6"
    tonal-transpose "^0.69.6"

tonal-range@^0.69.6:
  version "0.69.6"
  resolved "https://registry.yarnpkg.com/tonal-range/-/tonal-range-0.69.6.tgz#19177f71ca17118595426dffd713cf8a6f95856a"
  dependencies:
    tonal-array "^0.69.6"
    tonal-midi "^0.69.6"
    tonal-note "^0.69.6"
    tonal-pcset "^0.69.6"
    tonal-transpose "^0.69.6"

tonal-transpose@^0.69.6:
  version "0.69.6"
  resolved "https://registry.yarnpkg.com/tonal-transpose/-/tonal-transpose-0.69.6.tgz#6982d9ca266975cfe240f8b1de57093a0c7075fb"
  dependencies:
    tonal-pitch "^0.69.6"
