# THIS IS AN AUTOGENERATED FILE. DO NOT EDIT THIS FILE DIRECTLY.
# yarn lockfile v1


interval-notation@^1.0.1:
  version "1.0.1"
  resolved "https://registry.yarnpkg.com/interval-notation/-/interval-notation-1.0.1.tgz#604cccbb326841c103b25d1d58189f54bafbecdd"

note-parser@^2.0.1:
  version "2.0.1"
  resolved "https://registry.yarnpkg.com/note-parser/-/note-parser-2.0.1.tgz#2438fd57a46894b402b3a2071798660129c8fbc1"

tonal-encoding@^0.69.7:
  version "0.69.7"
  resolved "https://registry.yarnpkg.com/tonal-encoding/-/tonal-encoding-0.69.7.tgz#6141d7cbe249f95806635593b1e6ef75fbb811f9"

tonal-pitch@^0.69.7:
  version "0.69.7"
  resolved "https://registry.yarnpkg.com/tonal-pitch/-/tonal-pitch-0.69.7.tgz#0cd60ab6b1b1820d6175f87bb0af32d3684c454c"
  dependencies:
    interval-notation "^1.0.1"
    note-parser "^2.0.1"
    tonal-encoding "^0.69.7"

tonal-transpose@^0.69.7:
  version "0.69.7"
  resolved "https://registry.yarnpkg.com/tonal-transpose/-/tonal-transpose-0.69.7.tgz#9481f9432ab853ca20ff43adff74e4dc05d9c58e"
  dependencies:
    tonal-pitch "^0.69.7"
