# THIS IS AN AUTOGENERATED FILE. DO NOT EDIT THIS FILE DIRECTLY.
# yarn lockfile v1


interval-notation@^1.0.1:
  version "1.0.1"
  resolved "https://registry.yarnpkg.com/interval-notation/-/interval-notation-1.0.1.tgz#604cccbb326841c103b25d1d58189f54bafbecdd"

note-parser@^2.0.1:
  version "2.0.1"
  resolved "https://registry.yarnpkg.com/note-parser/-/note-parser-2.0.1.tgz#2438fd57a46894b402b3a2071798660129c8fbc1"

tonal-array@^0.69.0, tonal-array@^0.69.7:
  version "0.69.7"
  resolved "https://registry.yarnpkg.com/tonal-array/-/tonal-array-0.69.7.tgz#f9372b9c132ad6e064bd887922232f2ce3236ffd"
  dependencies:
    tonal-distance "^0.69.7"
    tonal-pitch "^0.69.7"
    tonal-transpose "^0.69.7"

tonal-distance@^0.69.7:
  version "0.69.7"
  resolved "https://registry.yarnpkg.com/tonal-distance/-/tonal-distance-0.69.7.tgz#e8f36459ad6fc254c402b59b202240ad2b9f0a6a"
  dependencies:
    tonal-pitch "^0.69.7"

tonal-encoding@^0.69.7:
  version "0.69.7"
  resolved "https://registry.yarnpkg.com/tonal-encoding/-/tonal-encoding-0.69.7.tgz#6141d7cbe249f95806635593b1e6ef75fbb811f9"

tonal-freq@^0.69.9:
  version "0.69.9"
  resolved "https://registry.yarnpkg.com/tonal-freq/-/tonal-freq-0.69.9.tgz#00e2c593b42661b2c0969a2ad0128068864ffe1b"
  dependencies:
    tonal-midi "^0.69.7"

tonal-midi@^0.69.7:
  version "0.69.7"
  resolved "https://registry.yarnpkg.com/tonal-midi/-/tonal-midi-0.69.7.tgz#e754ec93f3dbdb28a6d39d42457c33ad245ffa47"
  dependencies:
    note-parser "^2.0.1"

tonal-note@^0.69.9:
  version "0.69.9"
  resolved "https://registry.yarnpkg.com/tonal-note/-/tonal-note-0.69.9.tgz#944d5befa101efe1479d0c3e630dc559b8148df8"
  dependencies:
    note-parser "^2.0.1"
    tonal-freq "^0.69.9"
    tonal-midi "^0.69.7"
    tonal-pitch "^0.69.7"
    tonal-transpose "^0.69.7"

tonal-pcset@^0.69.9:
  version "0.69.9"
  resolved "https://registry.yarnpkg.com/tonal-pcset/-/tonal-pcset-0.69.9.tgz#e7740f70b92a0488fe35511c2e7cae333f5a7617"
  dependencies:
    tonal-array "^0.69.7"
    tonal-note "^0.69.9"
    tonal-pitch "^0.69.7"
    tonal-transpose "^0.69.7"

tonal-pitch@^0.69.7:
  version "0.69.7"
  resolved "https://registry.yarnpkg.com/tonal-pitch/-/tonal-pitch-0.69.7.tgz#0cd60ab6b1b1820d6175f87bb0af32d3684c454c"
  dependencies:
    interval-notation "^1.0.1"
    note-parser "^2.0.1"
    tonal-encoding "^0.69.7"

tonal-transpose@^0.69.7:
  version "0.69.7"
  resolved "https://registry.yarnpkg.com/tonal-transpose/-/tonal-transpose-0.69.7.tgz#9481f9432ab853ca20ff43adff74e4dc05d9c58e"
  dependencies:
    tonal-pitch "^0.69.7"
